{
  "name": "import-sort-style-leanix",
  "version": "1.0.2",
  "lockfileVersion": 1,
  "requires": true,
  "dependencies": {
    "@types/node": {
      "version": "10.17.44",
      "resolved": "https://registry.npmjs.org/@types/node/-/node-10.17.44.tgz",
      "integrity": "sha512-vHPAyBX1ffLcy4fQHmDyIUMUb42gHZjPHU66nhvbMzAWJqHnySGZ6STwN3rwrnSd1FHB0DI/RWgGELgKSYRDmw==",
      "dev": true
    },
    "import-sort-parser": {
      "version": "6.0.0",
      "resolved": "https://registry.npmjs.org/import-sort-parser/-/import-sort-parser-6.0.0.tgz",
      "integrity": "sha512-H5L+d6HnqHvThB0GmAA3/43Sv74oCwL0iMk3/ixOv0LRJ69rCyHXeG/+UadMHrD2FefEmgPIWboEPAG7gsQrkA==",
      "dev": true
    },
    "import-sort-style": {
      "version": "6.0.0",
      "resolved": "https://registry.npmjs.org/import-sort-style/-/import-sort-style-6.0.0.tgz",
      "integrity": "sha512-z0H5PKs7YoDeKxNYXv2AA1mjjZFY07fjeNCXUdTM3ymJtWeeEoTm8CQkFm2l+KPZoMczIvdwzJpWkkOamBnsPw==",
      "dev": true
    },
    "typescript": {
      "version": "3.9.7",
      "resolved": "https://registry.npmjs.org/typescript/-/typescript-3.9.7.tgz",
      "integrity": "sha512-BLbiRkiBzAwsjut4x/dsibSTB6yWpwT5qWmC2OfuCg3GgVQCSgMs4vEctYPhsaGtd0AeuuHMkjZ2h2WG8MSzRw==",
      "dev": true
    }
  }
}
